
Microsoft Visual Studio Solution File, Format Version 11.00
# Visual Studio 2010
Project("{FAE04EC0-301F-11D3-BF4B-00C04F79EFBC}") = "Etc1Alpha", "Etc1Alpha.csproj", "{6F84B3AF-8604-452C-A836-03B2A79B6D43}"
EndProject
Global
	GlobalSection(SolutionConfigurationPlatforms) = preSolution
		Debug|Any CPU = Debug|Any CPU
		Release|Any CPU = Release|Any CPU
	EndGlobalSection
	GlobalSection(ProjectConfigurationPlatforms) = postSolution
		{6F84B3AF-8604-452C-A836-03B2A79B6D43}.Debug|Any CPU.ActiveCfg = Debug|Any CPU
		{6F84B3AF-8604-452C-A836-03B2A79B6D43}.Debug|Any CPU.Build.0 = Debug|Any CPU
		{6F84B3AF-8604-452C-A836-03B2A79B6D43}.Release|Any CPU.ActiveCfg = Release|Any CPU
		{6F84B3AF-8604-452C-A836-03B2A79B6D43}.Release|Any CPU.Build.0 = Release|Any CPU
	EndGlobalSection
	GlobalSection(MonoDevelopProperties) = preSolution
		StartupItem = Etc1Alpha.csproj
	EndGlobalSection
EndGlobal
